
Microsoft Visual Studio Solution File, Format Version 12.00
# Visual Studio Version 17
VisualStudioVersion = 17.1.32210.238
MinimumVisualStudioVersion = 10.0.40219.1
Project("{FAE04EC0-301F-11D3-BF4B-00C04F79EFBC}") = "ReadKey_and_ReadLine_Example", "ReadKey_and_ReadLine_Example\ReadKey_and_ReadLine_Example.csproj", "{FECE8570-0362-4D50-AC39-794FFB5CBEAE}"
EndProject
Global
	GlobalSection(SolutionConfigurationPlatforms) = preSolution
		Debug|Any CPU = Debug|Any CPU
		Release|Any CPU = Release|Any CPU
	EndGlobalSection
	GlobalSection(ProjectConfigurationPlatforms) = postSolution
		{FECE8570-0362-4D50-AC39-794FFB5CBEAE}.Debug|Any CPU.ActiveCfg = Debug|Any CPU
		{FECE8570-0362-4D50-AC39-794FFB5CBEAE}.Debug|Any CPU.Build.0 = Debug|Any CPU
		{FECE8570-0362-4D50-AC39-794FFB5CBEAE}.Release|Any CPU.ActiveCfg = Release|Any CPU
		{FECE8570-0362-4D50-AC39-794FFB5CBEAE}.Release|Any CPU.Build.0 = Release|Any CPU
	EndGlobalSection
	GlobalSection(SolutionProperties) = preSolution
		HideSolutionNode = FALSE
	EndGlobalSection
	GlobalSection(ExtensibilityGlobals) = postSolution
		SolutionGuid = {B87022DF-6806-41E9-8681-B9E687F724A0}
	EndGlobalSection
EndGlobal
